<?xml version="1.0" encoding="utf-8"?>
<Project ToolsVersion="4.0" xmlns="http://schemas.microsoft.com/developer/msbuild/2003">
  <ItemGroup>
    <Filter Include="Source Files">
      <UniqueIdentifier>{4FC737F1-C7A5-4376-A066-2A32D752A2FF}</UniqueIdentifier>
      <Extensions>cpp;c;cc;cxx;c++;cppm;ixx;def;odl;idl;hpj;bat;asm;asmx</Extensions>
    </Filter>
    <Filter Include="Header Files">
      <UniqueIdentifier>{93995380-89BD-4b04-88EB-625FBE52EBFB}</UniqueIdentifier>
      <Extensions>h;hh;hpp;hxx;h++;hm;inl;inc;ipp;xsd</Extensions>
    </Filter>
    <Filter Include="Resource Files">
      <UniqueIdentifier>{67DA6AB6-F800-4c08-8B7A-83BB121AAD01}</UniqueIdentifier>
      <Extensions>rc;ico;cur;bmp;dlg;rc2;rct;bin;rgs;gif;jpg;jpeg;jpe;resx;tiff;tif;png;wav;mfcribbon-ms</Extensions>
    </Filter>
    <Filter Include="Header Files\fpga">
      <UniqueIdentifier>{1f146227-4101-4d4d-af53-6edc880e8963}</UniqueIdentifier>
    </Filter>
    <Filter Include="Header Files\protocol">
      <UniqueIdentifier>{ce6882a0-83dc-430a-bc93-4630eba3dcd0}</UniqueIdentifier>
    </Filter>
    <Filter Include="Header Files\protocol\fpga">
      <UniqueIdentifier>{985ba2b9-d142-4a9c-99eb-7489a4c706e0}</UniqueIdentifier>
    </Filter>
    <Filter Include="Source Files\fpga">
      <UniqueIdentifier>{b5c65129-c01c-4be3-856c-3716486421f7}</UniqueIdentifier>
    </Filter>
    <Filter Include="Source Files\protocol">
      <UniqueIdentifier>{8bfde918-7005-4227-8461-c8a0b24b1770}</UniqueIdentifier>
    </Filter>
    <Filter Include="Source Files\protocol\fpga">
      <UniqueIdentifier>{7c6a7b6f-9e07-4d6f-8bb0-6cb6757a61a5}</UniqueIdentifier>
    </Filter>
  </ItemGroup>
  <ItemGroup>
    <ClInclude Include="..\..\..\include\reflow\device\fpga\fpga.hpp">
      <Filter>Header Files\fpga</Filter>
    </ClInclude>
    <ClInclude Include="..\..\..\include\reflow\device\protocol\fpga\protocol.hpp">
      <Filter>Header Files\protocol\fpga</Filter>
    </ClInclude>
    <ClInclude Include="..\..\..\include\reflow\device\protocol\fpga\uart.hpp">
      <Filter>Header Files\protocol\fpga</Filter>
    </ClInclude>
    <ClInclude Include="..\..\..\include\reflow\device\protocol\fpga\read_encapsulate.hpp">
      <Filter>Header Files\protocol\fpga</Filter>
    </ClInclude>
    <ClInclude Include="..\..\..\include\reflow\device\protocol\fpga\write_encapsulate.hpp">
      <Filter>Header Files\protocol\fpga</Filter>
    </ClInclude>
  </ItemGroup>
  <ItemGroup>
    <ClCompile Include="..\..\..\source\device\fpga\fpga.cpp">
      <Filter>Source Files\fpga</Filter>
    </ClCompile>
    <ClCompile Include="..\..\..\source\device\protocol\fpga_read_encapsulate.cpp">
      <Filter>Source Files\protocol\fpga</Filter>
    </ClCompile>
    <ClCompile Include="..\..\..\source\device\protocol\fpga_write_encapsulate.cpp">
      <Filter>Source Files\protocol\fpga</Filter>
    </ClCompile>
  </ItemGroup>
</Project>